// !$*UTF8*$!
{
	archiveVersion = 1;
	classes = {
	};
	objectVersion = 77;
	objects = {

/* Begin PBXContainerItemProxy section */
		7649E3F22D7650690042C1F7 /* PBXContainerItemProxy */ = {
			isa = PBXContainerItemProxy;
			containerPortal = 7649E3D92D7650670042C1F7 /* Project object */;
			proxyType = 1;
			remoteGlobalIDString = 7649E3E02D7650670042C1F7;
			remoteInfo = NordenMobile;
		};
		7649E3FC2D7650690042C1F7 /* PBXContainerItemProxy */ = {
			isa = PBXContainerItemProxy;
			containerPortal = 7649E3D92D7650670042C1F7 /* Project object */;
			proxyType = 1;
			remoteGlobalIDString = 7649E3E02D7650670042C1F7;
			remoteInfo = NordenMobile;
		};
/* End PBXContainerItemProxy section */

/* Begin PBXFileReference section */
		7649E3E12D7650670042C1F7 /* NordenMobile.app */ = {isa = PBXFileReference; explicitFileType = wrapper.application; includeInIndex = 0; path = NordenMobile.app; sourceTree = BUILT_PRODUCTS_DIR; };
		7649E3F12D7650690042C1F7 /* NordenMobileTests.xctest */ = {isa = PBXFileReference; explicitFileType = wrapper.cfbundle; includeInIndex = 0; path = NordenMobileTests.xctest; sourceTree = BUILT_PRODUCTS_DIR; };
		7649E3FB2D7650690042C1F7 /* NordenMobileUITests.xctest */ = {isa = PBXFileReference; explicitFileType = wrapper.cfbundle; includeInIndex = 0; path = NordenMobileUITests.xctest; sourceTree = BUILT_PRODUCTS_DIR; };
/* End PBXFileReference section */

/* Begin PBXFileSystemSynchronizedRootGroup section */
		7649E3E32D7650670042C1F7 /* NordenMobile */ = {
			isa = PBXFileSystemSynchronizedRootGroup;
			path = NordenMobile;
			sourceTree = "<group>";
		};
		7649E3F42D7650690042C1F7 /* NordenMobileTests */ = {
			isa = PBXFileSystemSynchronizedRootGroup;
			path = NordenMobileTests;
			sourceTree = "<group>";
		};
		7649E3FE2D7650690042C1F7 /* NordenMobileUITests */ = {
			isa = PBXFileSystemSynchronizedRootGroup;
			path = NordenMobileUITests;
			sourceTree = "<group>";
		};
/* End PBXFileSystemSynchronizedRootGroup section */

/* Begin PBXFrameworksBuildPhase section */
		7649E3DE2D7650670042C1F7 /* Frameworks */ = {
			isa = PBXFrameworksBuildPhase;
			buildActionMask = 2147483647;
			files = (
			);
			runOnlyForDeploymentPostprocessing = 0;
		};
		7649E3EE2D7650690042C1F7 /* Frameworks */ = {
			isa = PBXFrameworksBuildPhase;
			buildActionMask = 2147483647;
			files = (
			);
			runOnlyForDeploymentPostprocessing = 0;
		};
		7649E3F82D7650690042C1F7 /* Frameworks */ = {
			isa = PBXFrameworksBuildPhase;
			buildActionMask = 2147483647;
			files = (
			);
			runOnlyForDeploymentPostprocessing = 0;
		};
/* End PBXFrameworksBuildPhase section */

/* Begin PBXGroup section */
		7649E3D82D7650670042C1F7 = {
			isa = PBXGroup;
			children = (
				7649E3E32D7650670042C1F7 /* NordenMobile */,
				7649E3F42D7650690042C1F7 /* NordenMobileTests */,
				7649E3FE2D7650690042C1F7 /* NordenMobileUITests */,
				7649E3E22D7650670042C1F7 /* Products */,
			);
			sourceTree = "<group>";
		};
		7649E3E22D7650670042C1F7 /* Products */ = {
			isa = PBXGroup;
			children = (
				7649E3E12D7650670042C1F7 /* NordenMobile.app */,
				7649E3F12D7650690042C1F7 /* NordenMobileTests.xctest */,
				7649E3FB2D7650690042C1F7 /* NordenMobileUITests.xctest */,
			);
			name = Products;
			sourceTree = "<group>";
		};
/* End PBXGroup section */

/* Begin PBXNativeTarget section */
		7649E3E02D7650670042C1F7 /* NordenMobile */ = {
			isa = PBXNativeTarget;
			buildConfigurationList = 7649E4052D7650690042C1F7 /* Build configuration list for PBXNativeTarget "NordenMobile" */;
			buildPhases = (
				7649E3DD2D7650670042C1F7 /* Sources */,
				7649E3DE2D7650670042C1F7 /* Frameworks */,
				7649E3DF2D7650670042C1F7 /* Resources */,
			);
			buildRules = (
			);
			dependencies = (
			);
			fileSystemSynchronizedGroups = (
				7649E3E32D7650670042C1F7 /* NordenMobile */,
			);
			name = NordenMobile;
			packageProductDependencies = (
			);
			productName = NordenMobile;
			productReference = 7649E3E12D7650670042C1F7 /* NordenMobile.app */;
			productType = "com.apple.product-type.application";
		};
		7649E3F02D7650690042C1F7 /* NordenMobileTests */ = {
			isa = PBXNativeTarget;
			buildConfigurationList = 7649E4082D7650690042C1F7 /* Build configuration list for PBXNativeTarget "NordenMobileTests" */;
			buildPhases = (
				7649E3ED2D7650690042C1F7 /* Sources */,
				7649E3EE2D7650690042C1F7 /* Frameworks */,
				7649E3EF2D7650690042C1F7 /* Resources */,
			);
			buildRules = (
			);
			dependencies = (
				7649E3F32D7650690042C1F7 /* PBXTargetDependency */,
			);
			fileSystemSynchronizedGroups = (
				7649E3F42D7650690042C1F7 /* NordenMobileTests */,
			);
			name = NordenMobileTests;
			packageProductDependencies = (
			);
			productName = NordenMobileTests;
			productReference = 7649E3F12D7650690042C1F7 /* NordenMobileTests.xctest */;
			productType = "com.apple.product-type.bundle.unit-test";
		};
		7649E3FA2D7650690042C1F7 /* NordenMobileUITests */ = {
			isa = PBXNativeTarget;
			buildConfigurationList = 7649E40B2D7650690042C1F7 /* Build configuration list for PBXNativeTarget "NordenMobileUITests" */;
			buildPhases = (
				7649E3F72D7650690042C1F7 /* Sources */,
				7649E3F82D7650690042C1F7 /* Frameworks */,
				7649E3F92D7650690042C1F7 /* Resources */,
			);
			buildRules = (
			);
			dependencies = (
				7649E3FD2D7650690042C1F7 /* PBXTargetDependency */,
			);
			fileSystemSynchronizedGroups = (
				7649E3FE2D7650690042C1F7 /* NordenMobileUITests */,
			);
			name = NordenMobileUITests;
			packageProductDependencies = (
			);
			productName = NordenMobileUITests;
			productReference = 7649E3FB2D7650690042C1F7 /* NordenMobileUITests.xctest */;
			productType = "com.apple.product-type.bundle.ui-testing";
		};
/* End PBXNativeTarget section */

/* Begin PBXProject section */
		7649E3D92D7650670042C1F7 /* Project object */ = {
			isa = PBXProject;
			attributes = {
				BuildIndependentTargetsInParallel = 1;
				LastSwiftUpdateCheck = 1620;
				LastUpgradeCheck = 1620;
				TargetAttributes = {
					7649E3E02D7650670042C1F7 = {
						CreatedOnToolsVersion = 16.2;
					};
					7649E3F02D7650690042C1F7 = {
						CreatedOnToolsVersion = 16.2;
						TestTargetID = 7649E3E02D7650670042C1F7;
					};
					7649E3FA2D7650690042C1F7 = {
						CreatedOnToolsVersion = 16.2;
						TestTargetID = 7649E3E02D7650670042C1F7;
					};
				};
			};
			buildConfigurationList = 7649E3DC2D7650670042C1F7 /* Build configuration list for PBXProject "NordenMobile" */;
			developmentRegion = en;
			hasScannedForEncodings = 0;
			knownRegions = (
				en,
				Base,
			);
			mainGroup = 7649E3D82D7650670042C1F7;
			minimizedProjectReferenceProxies = 1;
			preferredProjectObjectVersion = 77;
			productRefGroup = 7649E3E22D7650670042C1F7 /* Products */;
			projectDirPath = "";
			projectRoot = "";
			targets = (
				7649E3E02D7650670042C1F7 /* NordenMobile */,
				7649E3F02D7650690042C1F7 /* NordenMobileTests */,
				7649E3FA2D7650690042C1F7 /* NordenMobileUITests */,
			);
		};
/* End PBXProject section */

/* Begin PBXResourcesBuildPhase section */
		7649E3DF2D7650670042C1F7 /* Resources */ = {
			isa = PBXResourcesBuildPhase;
			buildActionMask = 2147483647;
			files = (
			);
			runOnlyForDeploymentPostprocessing = 0;
		};
		7649E3EF2D7650690042C1F7 /* Resources */ = {
			isa = PBXResourcesBuildPhase;
			buildActionMask = 2147483647;
			files = (
			);
			runOnlyForDeploymentPostprocessing = 0;
		};
		7649E3F92D7650690042C1F7 /* Resources */ = {
			isa = PBXResourcesBuildPhase;
			buildActionMask = 2147483647;
			files = (
			);
			runOnlyForDeploymentPostprocessing = 0;
		};
/* End PBXResourcesBuildPhase section */

/* Begin PBXSourcesBuildPhase section */
		7649E3DD2D7650670042C1F7 /* Sources */ = {
			isa = PBXSourcesBuildPhase;
			buildActionMask = 2147483647;
			files = (
			);
			runOnlyForDeploymentPostprocessing = 0;
		};
		7649E3ED2D7650690042C1F7 /* Sources */ = {
			isa = PBXSourcesBuildPhase;
			buildActionMask = 2147483647;
			files = (
			);
			runOnlyForDeploymentPostprocessing = 0;
		};
		7649E3F72D7650690042C1F7 /* Sources */ = {
			isa = PBXSourcesBuildPhase;
			buildActionMask = 2147483647;
			files = (
			);
			runOnlyForDeploymentPostprocessing = 0;
		};
/* End PBXSourcesBuildPhase section */

/* Begin PBXTargetDependency section */
		7649E3F32D7650690042C1F7 /* PBXTargetDependency */ = {
			isa = PBXTargetDependency;
			target = 7649E3E02D7650670042C1F7 /* NordenMobile */;
			targetProxy = 7649E3F22D7650690042C1F7 /* PBXContainerItemProxy */;
		};
		7649E3FD2D7650690042C1F7 /* PBXTargetDependency */ = {
			isa = PBXTargetDependency;
			target = 7649E3E02D7650670042C1F7 /* NordenMobile */;
			targetProxy = 7649E3FC2D7650690042C1F7 /* PBXContainerItemProxy */;
		};
/* End PBXTargetDependency section */

/* Begin XCBuildConfiguration section */
		7649E4032D7650690042C1F7 /* Debug */ = {
			isa = XCBuildConfiguration;
			buildSettings = {
				ALWAYS_SEARCH_USER_PATHS = NO;
				ASSETCATALOG_COMPILER_GENERATE_SWIFT_ASSET_SYMBOL_EXTENSIONS = YES;
				CLANG_ANALYZER_NONNULL = YES;
				CLANG_ANALYZER_NUMBER_OBJECT_CONVERSION = YES_AGGRESSIVE;
				CLANG_CXX_LANGUAGE_STANDARD = "gnu++20";
				CLANG_ENABLE_MODULES = YES;
				CLANG_ENABLE_OBJC_ARC = YES;
				CLANG_ENABLE_OBJC_WEAK = YES;
				CLANG_WARN_BLOCK_CAPTURE_AUTORELEASING = YES;
				CLANG_WARN_BOOL_CONVERSION = YES;
				CLANG_WARN_COMMA = YES;
				CLANG_WARN_CONSTANT_CONVERSION = YES;
				CLANG_WARN_DEPRECATED_OBJC_IMPLEMENTATIONS = YES;
				CLANG_WARN_DIRECT_OBJC_ISA_USAGE = YES_ERROR;
				CLANG_WARN_DOCUMENTATION_COMMENTS = YES;
				CLANG_WARN_EMPTY_BODY = YES;
				CLANG_WARN_ENUM_CONVERSION = YES;
				CLANG_WARN_INFINITE_RECURSION = YES;
				CLANG_WARN_INT_CONVERSION = YES;
				CLANG_WARN_NON_LITERAL_NULL_CONVERSION = YES;
				CLANG_WARN_OBJC_IMPLICIT_RETAIN_SELF = YES;
				CLANG_WARN_OBJC_LITERAL_CONVERSION = YES;
				CLANG_WARN_OBJC_ROOT_CLASS = YES_ERROR;
				CLANG_WARN_QUOTED_INCLUDE_IN_FRAMEWORK_HEADER = YES;
				CLANG_WARN_RANGE_LOOP_ANALYSIS = YES;
				CLANG_WARN_STRICT_PROTOTYPES = YES;
				CLANG_WARN_SUSPICIOUS_MOVE = YES;
				CLANG_WARN_UNGUARDED_AVAILABILITY = YES_AGGRESSIVE;
				CLANG_WARN_UNREACHABLE_CODE = YES;
				CLANG_WARN__DUPLICATE_METHOD_MATCH = YES;
				COPY_PHASE_STRIP = NO;
				DEBUG_INFORMATION_FORMAT = dwarf;
				ENABLE_STRICT_OBJC_MSGSEND = YES;
				ENABLE_TESTABILITY = YES;
				ENABLE_USER_SCRIPT_SANDBOXING = YES;
				GCC_C_LANGUAGE_STANDARD = gnu17;
				GCC_DYNAMIC_NO_PIC = NO;
				GCC_NO_COMMON_BLOCKS = YES;
				GCC_OPTIMIZATION_LEVEL = 0;
				GCC_PREPROCESSOR_DEFINITIONS = (
					"DEBUG=1",
					"$(inherited)",
				);
				GCC_WARN_64_TO_32_BIT_CONVERSION = YES;
				GCC_WARN_ABOUT_RETURN_TYPE = YES_ERROR;
				GCC_WARN_UNDECLARED_SELECTOR = YES;
				GCC_WARN_UNINITIALIZED_AUTOS = YES_AGGRESSIVE;
				GCC_WARN_UNUSED_FUNCTION = YES;
				GCC_WARN_UNUSED_VARIABLE = YES;
				IPHONEOS_DEPLOYMENT_TARGET = 18.2;
				LOCALIZATION_PREFERS_STRING_CATALOGS = YES;
				MTL_ENABLE_DEBUG_INFO = INCLUDE_SOURCE;
				MTL_FAST_MATH = YES;
				ONLY_ACTIVE_ARCH = YES;
				SDKROOT = iphoneos;
				SWIFT_ACTIVE_COMPILATION_CONDITIONS = "DEBUG $(inherited)";
				SWIFT_OPTIMIZATION_LEVEL = "-Onone";
			};
			name = Debug;
		};
		7649E4042D7650690042C1F7 /* Release */ = {
			isa = XCBuildConfiguration;
			buildSettings = {
				ALWAYS_SEARCH_USER_PATHS = NO;
				ASSETCATALOG_COMPILER_GENERATE_SWIFT_ASSET_SYMBOL_EXTENSIONS = YES;
				CLANG_ANALYZER_NONNULL = YES;
				CLANG_ANALYZER_NUMBER_OBJECT_CONVERSION = YES_AGGRESSIVE;
				CLANG_CXX_LANGUAGE_STANDARD = "gnu++20";
				CLANG_ENABLE_MODULES = YES;
				CLANG_ENABLE_OBJC_ARC = YES;
				CLANG_ENABLE_OBJC_WEAK = YES;
				CLANG_WARN_BLOCK_CAPTURE_AUTORELEASING = YES;
				CLANG_WARN_BOOL_CONVERSION = YES;
				CLANG_WARN_COMMA = YES;
				CLANG_WARN_CONSTANT_CONVERSION = YES;
				CLANG_WARN_DEPRECATED_OBJC_IMPLEMENTATIONS = YES;
				CLANG_WARN_DIRECT_OBJC_ISA_USAGE = YES_ERROR;
				CLANG_WARN_DOCUMENTATION_COMMENTS = YES;
				CLANG_WARN_EMPTY_BODY = YES;
				CLANG_WARN_ENUM_CONVERSION = YES;
				CLANG_WARN_INFINITE_RECURSION = YES;
				CLANG_WARN_INT_CONVERSION = YES;
				CLANG_WARN_NON_LITERAL_NULL_CONVERSION = YES;
				CLANG_WARN_OBJC_IMPLICIT_RETAIN_SELF = YES;
				CLANG_WARN_OBJC_LITERAL_CONVERSION = YES;
				CLANG_WARN_OBJC_ROOT_CLASS = YES_ERROR;
				CLANG_WARN_QUOTED_INCLUDE_IN_FRAMEWORK_HEADER = YES;
				CLANG_WARN_RANGE_LOOP_ANALYSIS = YES;
				CLANG_WARN_STRICT_PROTOTYPES = YES;
				CLANG_WARN_SUSPICIOUS_MOVE = YES;
				CLANG_WARN_UNGUARDED_AVAILABILITY = YES_AGGRESSIVE;
				CLANG_WARN_UNREACHABLE_CODE = YES;
				CLANG_WARN__DUPLICATE_METHOD_MATCH = YES;
				COPY_PHASE_STRIP = NO;
				DEBUG_INFORMATION_FORMAT = "dwarf-with-dsym";
				ENABLE_NS_ASSERTIONS = NO;
				ENABLE_STRICT_OBJC_MSGSEND = YES;
				ENABLE_USER_SCRIPT_SANDBOXING = YES;
				GCC_C_LANGUAGE_STANDARD = gnu17;
				GCC_NO_COMMON_BLOCKS = YES;
				GCC_WARN_64_TO_32_BIT_CONVERSION = YES;
				GCC_WARN_ABOUT_RETURN_TYPE = YES_ERROR;
				GCC_WARN_UNDECLARED_SELECTOR = YES;
				GCC_WARN_UNINITIALIZED_AUTOS = YES_AGGRESSIVE;
				GCC_WARN_UNUSED_FUNCTION = YES;
				GCC_WARN_UNUSED_VARIABLE = YES;
				IPHONEOS_DEPLOYMENT_TARGET = 18.2;
				LOCALIZATION_PREFERS_STRING_CATALOGS = YES;
				MTL_ENABLE_DEBUG_INFO = NO;
				MTL_FAST_MATH = YES;
				SDKROOT = iphoneos;
				SWIFT_COMPILATION_MODE = wholemodule;
				VALIDATE_PRODUCT = YES;
			};
			name = Release;
		};
		7649E4062D7650690042C1F7 /* Debug */ = {
			isa = XCBuildConfiguration;
			buildSettings = {
				ASSETCATALOG_COMPILER_APPICON_NAME = AppIcon;
				ASSETCATALOG_COMPILER_GLOBAL_ACCENT_COLOR_NAME = AccentColor;
				CODE_SIGN_STYLE = Automatic;
				CURRENT_PROJECT_VERSION = 1;
				DEVELOPMENT_ASSET_PATHS = "\"NordenMobile/Preview Content\"";
				DEVELOPMENT_TEAM = VA7AYQTKEJ;
				ENABLE_PREVIEWS = YES;
				GENERATE_INFOPLIST_FILE = YES;
				INFOPLIST_KEY_UIApplicationSceneManifest_Generation = YES;
				INFOPLIST_KEY_UIApplicationSupportsIndirectInputEvents = YES;
				INFOPLIST_KEY_UILaunchScreen_Generation = YES;
				INFOPLIST_KEY_UISupportedInterfaceOrientations_iPad = "UIInterfaceOrientationPortrait UIInterfaceOrientationPortraitUpsideDown UIInterfaceOrientationLandscapeLeft UIInterfaceOrientationLandscapeRight";
				INFOPLIST_KEY_UISupportedInterfaceOrientations_iPhone = "UIInterfaceOrientationPortrait UIInterfaceOrientationLandscapeLeft UIInterfaceOrientationLandscapeRight";
				LD_RUNPATH_SEARCH_PATHS = (
					"$(inherited)",
					"@executable_path/Frameworks",
				);
				MARKETING_VERSION = 1.0;
				PRODUCT_BUNDLE_IDENTIFIER = com.rquesada.NordenMobile;
				PRODUCT_NAME = "$(TARGET_NAME)";
				SWIFT_EMIT_LOC_STRINGS = YES;
				SWIFT_VERSION = 5.0;
				TARGETED_DEVICE_FAMILY = "1,2";
			};
			name = Debug;
		};
		7649E4072D7650690042C1F7 /* Release */ = {
			isa = XCBuildConfiguration;
			buildSettings = {
				ASSETCATALOG_COMPILER_APPICON_NAME = AppIcon;
				ASSETCATALOG_COMPILER_GLOBAL_ACCENT_COLOR_NAME = AccentColor;
				CODE_SIGN_STYLE = Automatic;
				CURRENT_PROJECT_VERSION = 1;
				DEVELOPMENT_ASSET_PATHS = "\"NordenMobile/Preview Content\"";
				DEVELOPMENT_TEAM = VA7AYQTKEJ;
				ENABLE_PREVIEWS = YES;
				GENERATE_INFOPLIST_FILE = YES;
				INFOPLIST_KEY_UIApplicationSceneManifest_Generation = YES;
				INFOPLIST_KEY_UIApplicationSupportsIndirectInputEvents = YES;
				INFOPLIST_KEY_UILaunchScreen_Generation = YES;
				INFOPLIST_KEY_UISupportedInterfaceOrientations_iPad = "UIInterfaceOrientationPortrait UIInterfaceOrientationPortraitUpsideDown UIInterfaceOrientationLandscapeLeft UIInterfaceOrientationLandscapeRight";
				INFOPLIST_KEY_UISupportedInterfaceOrientations_iPhone = "UIInterfaceOrientationPortrait UIInterfaceOrientationLandscapeLeft UIInterfaceOrientationLandscapeRight";
				LD_RUNPATH_SEARCH_PATHS = (
					"$(inherited)",
					"@executable_path/Frameworks",
				);
				MARKETING_VERSION = 1.0;
				PRODUCT_BUNDLE_IDENTIFIER = com.rquesada.NordenMobile;
				PRODUCT_NAME = "$(TARGET_NAME)";
				SWIFT_EMIT_LOC_STRINGS = YES;
				SWIFT_VERSION = 5.0;
				TARGETED_DEVICE_FAMILY = "1,2";
			};
			name = Release;
		};
		7649E4092D7650690042C1F7 /* Debug */ = {
			isa = XCBuildConfiguration;
			buildSettings = {
				BUNDLE_LOADER = "$(TEST_HOST)";
				CODE_SIGN_STYLE = Automatic;
				CURRENT_PROJECT_VERSION = 1;
				DEVELOPMENT_TEAM = VA7AYQTKEJ;
				GENERATE_INFOPLIST_FILE = YES;
				IPHONEOS_DEPLOYMENT_TARGET = 18.2;
				MARKETING_VERSION = 1.0;
				PRODUCT_BUNDLE_IDENTIFIER = com.rquesada.NordenMobileTests;
				PRODUCT_NAME = "$(TARGET_NAME)";
				SWIFT_EMIT_LOC_STRINGS = NO;
				SWIFT_VERSION = 5.0;
				TARGETED_DEVICE_FAMILY = "1,2";
				TEST_HOST = "$(BUILT_PRODUCTS_DIR)/NordenMobile.app/$(BUNDLE_EXECUTABLE_FOLDER_PATH)/NordenMobile";
			};
			name = Debug;
		};
		7649E40A2D7650690042C1F7 /* Release */ = {
			isa = XCBuildConfiguration;
			buildSettings = {
				BUNDLE_LOADER = "$(TEST_HOST)";
				CODE_SIGN_STYLE = Automatic;
				CURRENT_PROJECT_VERSION = 1;
				DEVELOPMENT_TEAM = VA7AYQTKEJ;
				GENERATE_INFOPLIST_FILE = YES;
				IPHONEOS_DEPLOYMENT_TARGET = 18.2;
				MARKETING_VERSION = 1.0;
				PRODUCT_BUNDLE_IDENTIFIER = com.rquesada.NordenMobileTests;
				PRODUCT_NAME = "$(TARGET_NAME)";
				SWIFT_EMIT_LOC_STRINGS = NO;
				SWIFT_VERSION = 5.0;
				TARGETED_DEVICE_FAMILY = "1,2";
				TEST_HOST = "$(BUILT_PRODUCTS_DIR)/NordenMobile.app/$(BUNDLE_EXECUTABLE_FOLDER_PATH)/NordenMobile";
			};
			name = Release;
		};
		7649E40C2D7650690042C1F7 /* Debug */ = {
			isa = XCBuildConfiguration;
			buildSettings = {
				CODE_SIGN_STYLE = Automatic;
				CURRENT_PROJECT_VERSION = 1;
				DEVELOPMENT_TEAM = VA7AYQTKEJ;
				GENERATE_INFOPLIST_FILE = YES;
				MARKETING_VERSION = 1.0;
				PRODUCT_BUNDLE_IDENTIFIER = com.rquesada.NordenMobileUITests;
				PRODUCT_NAME = "$(TARGET_NAME)";
				SWIFT_EMIT_LOC_STRINGS = NO;
				SWIFT_VERSION = 5.0;
				TARGETED_DEVICE_FAMILY = "1,2";
				TEST_TARGET_NAME = NordenMobile;
			};
			name = Debug;
		};
		7649E40D2D7650690042C1F7 /* Release */ = {
			isa = XCBuildConfiguration;
			buildSettings = {
				CODE_SIGN_STYLE = Automatic;
				CURRENT_PROJECT_VERSION = 1;
				DEVELOPMENT_TEAM = VA7AYQTKEJ;
				GENERATE_INFOPLIST_FILE = YES;
				MARKETING_VERSION = 1.0;
				PRODUCT_BUNDLE_IDENTIFIER = com.rquesada.NordenMobileUITests;
				PRODUCT_NAME = "$(TARGET_NAME)";
				SWIFT_EMIT_LOC_STRINGS = NO;
				SWIFT_VERSION = 5.0;
				TARGETED_DEVICE_FAMILY = "1,2";
				TEST_TARGET_NAME = NordenMobile;
			};
			name = Release;
		};
/* End XCBuildConfiguration section */

/* Begin XCConfigurationList section */
		7649E3DC2D7650670042C1F7 /* Build configuration list for PBXProject "NordenMobile" */ = {
			isa = XCConfigurationList;
			buildConfigurations = (
				7649E4032D7650690042C1F7 /* Debug */,
				7649E4042D7650690042C1F7 /* Release */,
			);
			defaultConfigurationIsVisible = 0;
			defaultConfigurationName = Release;
		};
		7649E4052D7650690042C1F7 /* Build configuration list for PBXNativeTarget "NordenMobile" */ = {
			isa = XCConfigurationList;
			buildConfigurations = (
				7649E4062D7650690042C1F7 /* Debug */,
				7649E4072D7650690042C1F7 /* Release */,
			);
			defaultConfigurationIsVisible = 0;
			defaultConfigurationName = Release;
		};
		7649E4082D7650690042C1F7 /* Build configuration list for PBXNativeTarget "NordenMobileTests" */ = {
			isa = XCConfigurationList;
			buildConfigurations = (
				7649E4092D7650690042C1F7 /* Debug */,
				7649E40A2D7650690042C1F7 /* Release */,
			);
			defaultConfigurationIsVisible = 0;
			defaultConfigurationName = Release;
		};
		7649E40B2D7650690042C1F7 /* Build configuration list for PBXNativeTarget "NordenMobileUITests" */ = {
			isa = XCConfigurationList;
			buildConfigurations = (
				7649E40C2D7650690042C1F7 /* Debug */,
				7649E40D2D7650690042C1F7 /* Release */,
			);
			defaultConfigurationIsVisible = 0;
			defaultConfigurationName = Release;
		};
/* End XCConfigurationList section */
	};
	rootObject = 7649E3D92D7650670042C1F7 /* Project object */;
}
